# This file is autogenerated, do not edit; changes may be undone by the next 'dep ensure'.


[[projects]]
  digest = "1:d7c5f0bac5337c5098b18d000ee24a9a58d10a6b98824cd1821af74d7219ebea"
  name = "github.com/calmh/luhn"
  packages = ["."]
  pruneopts = ""
  revision = "5b2abb343e70180dbf456397c5fd93f14471b08e"
  version = "v2.0.0"

[[projects]]
  digest = "1:1cf61f0228e64d1bfddaa42bfd1f5047ed3626925b9bea69bbcb9168472dae23"
  name = "github.com/cenkalti/backoff"
  packages = ["."]
  pruneopts = ""
  revision = "61153c768f31ee5f130071d08fc82b85208528de"
  version = "v1.1.0"

[[projects]]
  branch = "master"
  digest = "1:50cf302cc52eb618cec25d4daf167ed5593145d43b447b906a9f0d24e271d48b"
  name = "github.com/felixge/tcpkeepalive"
  packages = ["."]
  pruneopts = ""
  revision = "5bb0b2dea91e0de550022159b9571aafc72c08ba"

[[projects]]
  digest = "1:a1bad350477afbc84e8cbe5c78be4579478c55335377239631ff0adb985fbabc"
  name = "github.com/golang/mock"
  packages = ["gomock"]
  pruneopts = ""
  revision = "13f360950a79f5864a972c786a10a50e44b69541"
  version = "v1.0.0"

[[projects]]
  branch = "master"
  digest = "1:1285570ced192ee4703ca44573a4eaf19b5a0895af56f9db2210b171eefd2a41"
  name = "golang.org/x/net"
  packages = [
    "context",
    "http2",
    "http2/hpack",
    "idna",
    "lex/httplex",
  ]
  pruneopts = ""
  revision = "c7086645de248775cbf2373cf5ca4d2fa664b8c1"

[[projects]]
  branch = "master"
  digest = "1:39a1a71adca4b837a25dc6b5fcdd9d175e4597c6d3440f107dfeda31230218e4"
  name = "golang.org/x/text"
  packages = [
    "collate",
    "collate/build",
    "internal/colltab",
    "internal/gen",
    "internal/tag",
    "internal/triegen",
    "internal/ucd",
    "language",
    "secure/bidirule",
    "transform",
    "unicode/bidi",
    "unicode/cldr",
    "unicode/norm",
    "unicode/rangetable",
  ]
  pruneopts = ""
  revision = "88f656faf3f37f690df1a32515b479415e1a6769"

[[projects]]
  branch = "v2"
  digest = "1:f769ed60e075e4221612c2f4162fccc9d3795ef358fa463425e3b3d7a5debb27"
  name = "gopkg.in/yaml.v2"
  packages = ["."]
  pruneopts = ""
  revision = "287cf08546ab5e7e37d55a84f7ed3fd1db036de5"

[solve-meta]
  analyzer-name = "dep"
  analyzer-version = 1
  input-imports = [
    "github.com/calmh/luhn",
    "github.com/cenkalti/backoff",
    "github.com/felixge/tcpkeepalive",
    "github.com/golang/mock/gomock",
    "golang.org/x/net/http2",
    "gopkg.in/yaml.v2",
  ]
  solver-name = "gps-cdcl"
  solver-version = 1
